
Microsoft Visual Studio Solution File, Format Version 11.00
# Visual Studio 2010
Project("{FAE04EC0-301F-11D3-BF4B-00C04F79EFBC}") = "vive-focus-unity", "Assembly-CSharp.csproj", "{36E77045-DB05-3C8F-051D-A034A2253981}"
EndProject
Project("{FAE04EC0-301F-11D3-BF4B-00C04F79EFBC}") = "vive-focus-unity", "Assembly-CSharp-firstpass.csproj", "{20E7AF88-B8E1-55F5-6F50-AD2E87DF13BD}"
EndProject
Project("{FAE04EC0-301F-11D3-BF4B-00C04F79EFBC}") = "vive-focus-unity", "Assembly-CSharp-Editor.csproj", "{564A6ACB-0F40-63C2-63AC-41485F7C31B8}"
EndProject
Global
	GlobalSection(SolutionConfigurationPlatforms) = preSolution
		Debug|Any CPU = Debug|Any CPU
		Release|Any CPU = Release|Any CPU
	EndGlobalSection
	GlobalSection(ProjectConfigurationPlatforms) = postSolution
		{36E77045-DB05-3C8F-051D-A034A2253981}.Debug|Any CPU.ActiveCfg = Debug|Any CPU
		{36E77045-DB05-3C8F-051D-A034A2253981}.Debug|Any CPU.Build.0 = Debug|Any CPU
		{36E77045-DB05-3C8F-051D-A034A2253981}.Release|Any CPU.ActiveCfg = Release|Any CPU
		{36E77045-DB05-3C8F-051D-A034A2253981}.Release|Any CPU.Build.0 = Release|Any CPU
		{20E7AF88-B8E1-55F5-6F50-AD2E87DF13BD}.Debug|Any CPU.ActiveCfg = Debug|Any CPU
		{20E7AF88-B8E1-55F5-6F50-AD2E87DF13BD}.Debug|Any CPU.Build.0 = Debug|Any CPU
		{20E7AF88-B8E1-55F5-6F50-AD2E87DF13BD}.Release|Any CPU.ActiveCfg = Release|Any CPU
		{20E7AF88-B8E1-55F5-6F50-AD2E87DF13BD}.Release|Any CPU.Build.0 = Release|Any CPU
		{564A6ACB-0F40-63C2-63AC-41485F7C31B8}.Debug|Any CPU.ActiveCfg = Debug|Any CPU
		{564A6ACB-0F40-63C2-63AC-41485F7C31B8}.Debug|Any CPU.Build.0 = Debug|Any CPU
		{564A6ACB-0F40-63C2-63AC-41485F7C31B8}.Release|Any CPU.ActiveCfg = Release|Any CPU
		{564A6ACB-0F40-63C2-63AC-41485F7C31B8}.Release|Any CPU.Build.0 = Release|Any CPU
	EndGlobalSection
	GlobalSection(SolutionProperties) = preSolution
		HideSolutionNode = FALSE
	EndGlobalSection
	GlobalSection(MonoDevelopProperties) = preSolution
		StartupItem = Assembly-CSharp.csproj
	EndGlobalSection
EndGlobal
